{
  "nodes": {
    "nixpkgs": {
      "locked": {
        "lastModified": 1756696532,
        "narHash": "sha256-6FWagzm0b7I/IGigOv9pr6LL7NQ86mextfE8g8Q6HBg=",
        "owner": "NixOS",
        "repo": "nixpkgs",
        "rev": "58dcbf1ec551914c3756c267b8b9c8c86baa1b2f",
        "type": "github"
      },
      "original": {
        "owner": "NixOS",
        "ref": "nixpkgs-unstable",
        "repo": "nixpkgs",
        "type": "github"
      }
    },
    "nixpkgs-protobuf293": {
      "locked": {
        "lastModified": 1742407559,
        "narHash": "sha256-C9LI+Pal2qA6/f368zBwm2uvx3iV4I05ywPMg09FxTc=",
        "owner": "NixOS",
        "repo": "nixpkgs",
        "rev": "3a7baab73a629847afbcca8a52765c0b5fec49ae",
        "type": "github"
      },
      "original": {
        "owner": "NixOS",
        "repo": "nixpkgs",
        "rev": "3a7baab73a629847afbcca8a52765c0b5fec49ae",
        "type": "github"
      }
    },
    "nixpkgs-protobuf320": {
      "locked": {
        "lastModified": 1729655952,
        "narHash": "sha256-1IVJLq9u8uIxj8eL/kbzwB1lbiStFUYi4WsCQL/uekg=",
        "owner": "NixOS",
        "repo": "nixpkgs",
        "rev": "656b40c807e4c4965198a68d1f784492397fef6c",
        "type": "github"
      },
      "original": {
        "owner": "NixOS",
        "repo": "nixpkgs",
        "rev": "656b40c807e4c4965198a68d1f784492397fef6c",
        "type": "github"
      }
    },
    "root": {
      "inputs": {
        "nixpkgs": "nixpkgs",
        "nixpkgs-protobuf293": "nixpkgs-protobuf293",
        "nixpkgs-protobuf320": "nixpkgs-protobuf320",
        "rust-overlay": "rust-overlay"
      }
    },
    "rust-overlay": {
      "inputs": {
        "nixpkgs": [
          "nixpkgs"
        ]
      },
      "locked": {
        "lastModified": 1756780571,
        "narHash": "sha256-xX0B7Sgx3OQvf6anaNW0vXyYDXbchSx2mnT8rqAPbWA=",
        "owner": "oxalica",
        "repo": "rust-overlay",
        "rev": "2c18db2acc837a71146ed2d6dae27bf03e3b7a4b",
        "type": "github"
      },
      "original": {
        "owner": "oxalica",
        "repo": "rust-overlay",
        "type": "github"
      }
    }
  },
  "root": "root",
  "version": 7
}
