{
  "nodes": {
    "nixpkgs": {
      "locked": {
        "lastModified": 1746576598,
        "narHash": "sha256-FshoQvr6Aor5SnORVvh/ZdJ1Sa2U4ZrIMwKBX5k2wu0=",
        "owner": "NixOS",
        "repo": "nixpkgs",
        "rev": "b3582c75c7f21ce0b429898980eddbbf05c68e55",
        "type": "github"
      },
      "original": {
        "owner": "NixOS",
        "ref": "nixpkgs-unstable",
        "repo": "nixpkgs",
        "type": "github"
      }
    },
    "nixpkgs-protobuf293": {
      "locked": {
        "lastModified": 1742407559,
        "narHash": "sha256-C9LI+Pal2qA6/f368zBwm2uvx3iV4I05ywPMg09FxTc=",
        "owner": "NixOS",
        "repo": "nixpkgs",
        "rev": "3a7baab73a629847afbcca8a52765c0b5fec49ae",
        "type": "github"
      },
      "original": {
        "owner": "NixOS",
        "repo": "nixpkgs",
        "rev": "3a7baab73a629847afbcca8a52765c0b5fec49ae",
        "type": "github"
      }
    },
    "nixpkgs-protobuf320": {
      "locked": {
        "lastModified": 1729655952,
        "narHash": "sha256-1IVJLq9u8uIxj8eL/kbzwB1lbiStFUYi4WsCQL/uekg=",
        "owner": "NixOS",
        "repo": "nixpkgs",
        "rev": "656b40c807e4c4965198a68d1f784492397fef6c",
        "type": "github"
      },
      "original": {
        "owner": "NixOS",
        "repo": "nixpkgs",
        "rev": "656b40c807e4c4965198a68d1f784492397fef6c",
        "type": "github"
      }
    },
    "root": {
      "inputs": {
        "nixpkgs": "nixpkgs",
        "nixpkgs-protobuf293": "nixpkgs-protobuf293",
        "nixpkgs-protobuf320": "nixpkgs-protobuf320",
        "rust-overlay": "rust-overlay"
      }
    },
    "rust-overlay": {
      "inputs": {
        "nixpkgs": [
          "nixpkgs"
        ]
      },
      "locked": {
        "lastModified": 1746931022,
        "narHash": "sha256-cXn1RsYZjS23n0+YP3TiH7XBlEvy8FA2mG54MdAL6x0=",
        "owner": "oxalica",
        "repo": "rust-overlay",
        "rev": "c46d2764319f962b20ce9c03ce6644dd0de87bc9",
        "type": "github"
      },
      "original": {
        "owner": "oxalica",
        "repo": "rust-overlay",
        "type": "github"
      }
    }
  },
  "root": "root",
  "version": 7
}
